{
  "name": "@yiyi/ui",
  "version": "0.0.0",
  "lockfileVersion": 2,
  "requires": true,
  "packages": {
    "": {
      "name": "@yiyi/ui",
      "version": "0.0.0",
      "dependencies": {
        "vue": "^3.4.37"
      },
      "devDependencies": {
        "@types/node": "^22.5.4",
        "@vitejs/plugin-vue": "^5.1.2",
        "typescript": "^5.5.3",
        "vite": "^5.4.1",
        "vue-tsc": "^2.0.29"
      }
    },
    "../../node_modules/.pnpm/@vitejs+plugin-vue@5.1.3_vite@5.4.4+vue@3.5.4/node_modules/@vitejs/plugin-vue": {
      "version": "5.1.3",
      "dev": true,
      "license": "MIT",
      "devDependencies": {
        "@jridgewell/gen-mapping": "^0.3.5",
        "@jridgewell/trace-mapping": "^0.3.25",
        "debug": "^4.3.6",
        "rollup": "^4.21.1",
        "slash": "^5.1.0",
        "source-map-js": "^1.2.0",
        "vite": "^5.4.2",
        "vue": "^3.5.0-rc.1"
      },
      "engines": {
        "node": "^18.0.0 || >=20.0.0"
      },
      "peerDependencies": {
        "vite": "^5.0.0",
        "vue": "^3.2.25"
      }
    },
    "../../node_modules/.pnpm/typescript@5.6.2/node_modules/typescript": {
      "version": "5.6.2",
      "dev": true,
      "license": "Apache-2.0",
      "bin": {
        "tsc": "bin/tsc",
        "tsserver": "bin/tsserver"
      },
      "devDependencies": {
        "@dprint/formatter": "^0.4.1",
        "@dprint/typescript": "0.91.6",
        "@esfx/canceltoken": "^1.0.0",
        "@eslint/js": "^9.9.0",
        "@octokit/rest": "^21.0.1",
        "@types/chai": "^4.3.17",
        "@types/diff": "^5.2.1",
        "@types/minimist": "^1.2.5",
        "@types/mocha": "^10.0.7",
        "@types/ms": "^0.7.34",
        "@types/node": "latest",
        "@types/source-map-support": "^0.5.10",
        "@types/which": "^3.0.4",
        "@typescript-eslint/rule-tester": "^8.1.0",
        "@typescript-eslint/type-utils": "^8.1.0",
        "@typescript-eslint/utils": "^8.1.0",
        "azure-devops-node-api": "^14.0.2",
        "c8": "^10.1.2",
        "chai": "^4.5.0",
        "chalk": "^4.1.2",
        "chokidar": "^3.6.0",
        "diff": "^5.2.0",
        "dprint": "^0.47.2",
        "esbuild": "^0.23.0",
        "eslint": "^9.9.0",
        "eslint-formatter-autolinkable-stylish": "^1.4.0",
        "eslint-plugin-regexp": "^2.6.0",
        "fast-xml-parser": "^4.4.1",
        "glob": "^10.4.5",
        "globals": "^15.9.0",
        "hereby": "^1.9.0",
        "jsonc-parser": "^3.3.1",
        "knip": "^5.27.2",
        "minimist": "^1.2.8",
        "mocha": "^10.7.3",
        "mocha-fivemat-progress-reporter": "^0.1.0",
        "monocart-coverage-reports": "^2.10.2",
        "ms": "^2.1.3",
        "node-fetch": "^3.3.2",
        "playwright": "^1.46.0",
        "source-map-support": "^0.5.21",
        "tslib": "^2.6.3",
        "typescript": "^5.5.4",
        "typescript-eslint": "^8.1.0",
        "which": "^3.0.1"
      },
      "engines": {
        "node": ">=14.17"
      }
    },
    "../../node_modules/.pnpm/vite@5.4.4/node_modules/vite": {
      "version": "5.4.4",
      "dev": true,
      "license": "MIT",
      "dependencies": {
        "esbuild": "^0.21.3",
        "postcss": "^8.4.43",
        "rollup": "^4.20.0"
      },
      "bin": {
        "vite": "bin/vite.js"
      },
      "devDependencies": {
        "@ampproject/remapping": "^2.3.0",
        "@babel/parser": "^7.25.6",
        "@jridgewell/trace-mapping": "^0.3.25",
        "@polka/compression": "^1.0.0-next.25",
        "@rollup/plugin-alias": "^5.1.0",
        "@rollup/plugin-commonjs": "^26.0.1",
        "@rollup/plugin-dynamic-import-vars": "^2.1.2",
        "@rollup/plugin-json": "^6.1.0",
        "@rollup/plugin-node-resolve": "15.2.3",
        "@rollup/pluginutils": "^5.1.0",
        "@types/escape-html": "^1.0.4",
        "@types/pnpapi": "^0.0.5",
        "artichokie": "^0.2.1",
        "cac": "^6.7.14",
        "chokidar": "^3.6.0",
        "connect": "^3.7.0",
        "convert-source-map": "^2.0.0",
        "cors": "^2.8.5",
        "cross-spawn": "^7.0.3",
        "debug": "^4.3.6",
        "dep-types": "link:./src/types",
        "dotenv": "^16.4.5",
        "dotenv-expand": "^11.0.6",
        "es-module-lexer": "^1.5.4",
        "escape-html": "^1.0.3",
        "estree-walker": "^3.0.3",
        "etag": "^1.8.1",
        "fast-glob": "^3.3.2",
        "http-proxy": "^1.18.1",
        "launch-editor-middleware": "^2.8.1",
        "lightningcss": "^1.26.0",
        "magic-string": "^0.30.11",
        "micromatch": "^4.0.8",
        "mlly": "^1.7.1",
        "mrmime": "^2.0.0",
        "open": "^8.4.2",
        "parse5": "^7.1.2",
        "pathe": "^1.1.2",
        "periscopic": "^4.0.2",
        "picocolors": "^1.0.1",
        "picomatch": "^2.3.1",
        "postcss-import": "^16.1.0",
        "postcss-load-config": "^4.0.2",
        "postcss-modules": "^6.0.0",
        "resolve.exports": "^2.0.2",
        "rollup-plugin-dts": "^6.1.1",
        "rollup-plugin-esbuild": "^6.1.1",
        "rollup-plugin-license": "^3.5.2",
        "sass": "^1.77.8",
        "sass-embedded": "^1.77.8",
        "sirv": "^2.0.4",
        "source-map-support": "^0.5.21",
        "strip-ansi": "^7.1.0",
        "strip-literal": "^2.1.0",
        "tsconfck": "^3.1.3",
        "tslib": "^2.7.0",
        "types": "link:./types",
        "ufo": "^1.5.4",
        "ws": "^8.18.0"
      },
      "engines": {
        "node": "^18.0.0 || >=20.0.0"
      },
      "funding": {
        "url": "https://github.com/vitejs/vite?sponsor=1"
      },
      "optionalDependencies": {
        "fsevents": "~2.3.3"
      },
      "peerDependencies": {
        "@types/node": "^18.0.0 || >=20.0.0",
        "less": "*",
        "lightningcss": "^1.21.0",
        "sass": "*",
        "sass-embedded": "*",
        "stylus": "*",
        "sugarss": "*",
        "terser": "^5.4.0"
      },
      "peerDependenciesMeta": {
        "@types/node": {
          "optional": true
        },
        "less": {
          "optional": true
        },
        "lightningcss": {
          "optional": true
        },
        "sass": {
          "optional": true
        },
        "sass-embedded": {
          "optional": true
        },
        "stylus": {
          "optional": true
        },
        "sugarss": {
          "optional": true
        },
        "terser": {
          "optional": true
        }
      }
    },
    "../../node_modules/.pnpm/vue-tsc@2.1.6_typescript@5.6.2/node_modules/vue-tsc": {
      "version": "2.1.6",
      "dev": true,
      "license": "MIT",
      "dependencies": {
        "@volar/typescript": "~2.4.1",
        "@vue/language-core": "2.1.6",
        "semver": "^7.5.4"
      },
      "bin": {
        "vue-tsc": "bin/vue-tsc.js"
      },
      "devDependencies": {
        "@types/node": "latest"
      },
      "peerDependencies": {
        "typescript": ">=5.0.0"
      }
    },
    "../../node_modules/.pnpm/vue@3.5.4_typescript@5.6.2/node_modules/vue": {
      "version": "3.5.4",
      "license": "MIT",
      "dependencies": {
        "@vue/compiler-dom": "3.5.4",
        "@vue/compiler-sfc": "3.5.4",
        "@vue/runtime-dom": "3.5.4",
        "@vue/server-renderer": "3.5.4",
        "@vue/shared": "3.5.4"
      },
      "peerDependencies": {
        "typescript": "*"
      },
      "peerDependenciesMeta": {
        "typescript": {
          "optional": true
        }
      }
    },
    "node_modules/@types/node": {
      "version": "22.5.4",
      "resolved": "https://registry.npmmirror.com/@types/node/-/node-22.5.4.tgz",
      "integrity": "sha512-FDuKUJQm/ju9fT/SeX/6+gBzoPzlVCzfzmGkwKvRHQVxi4BntVbyIwf6a4Xn62mrvndLiml6z/UBXIdEVjQLXg==",
      "dev": true,
      "dependencies": {
        "undici-types": "~6.19.2"
      }
    },
    "node_modules/@vitejs/plugin-vue": {
      "resolved": "../../node_modules/.pnpm/@vitejs+plugin-vue@5.1.3_vite@5.4.4+vue@3.5.4/node_modules/@vitejs/plugin-vue",
      "link": true
    },
    "node_modules/typescript": {
      "resolved": "../../node_modules/.pnpm/typescript@5.6.2/node_modules/typescript",
      "link": true
    },
    "node_modules/undici-types": {
      "version": "6.19.8",
      "resolved": "https://registry.npmmirror.com/undici-types/-/undici-types-6.19.8.tgz",
      "integrity": "sha512-ve2KP6f/JnbPBFyobGHuerC9g1FYGn/F8n1LWTwNxCEzd6IfqTwUQcNXgEtmmQ6DlRrC1hrSrBnCZPokRrDHjw==",
      "dev": true
    },
    "node_modules/vite": {
      "resolved": "../../node_modules/.pnpm/vite@5.4.4/node_modules/vite",
      "link": true
    },
    "node_modules/vue": {
      "resolved": "../../node_modules/.pnpm/vue@3.5.4_typescript@5.6.2/node_modules/vue",
      "link": true
    },
    "node_modules/vue-tsc": {
      "resolved": "../../node_modules/.pnpm/vue-tsc@2.1.6_typescript@5.6.2/node_modules/vue-tsc",
      "link": true
    }
  },
  "dependencies": {
    "@types/node": {
      "version": "22.5.4",
      "resolved": "https://registry.npmmirror.com/@types/node/-/node-22.5.4.tgz",
      "integrity": "sha512-FDuKUJQm/ju9fT/SeX/6+gBzoPzlVCzfzmGkwKvRHQVxi4BntVbyIwf6a4Xn62mrvndLiml6z/UBXIdEVjQLXg==",
      "dev": true,
      "requires": {
        "undici-types": "~6.19.2"
      }
    },
    "@vitejs/plugin-vue": {
      "version": "file:../../node_modules/.pnpm/@vitejs+plugin-vue@5.1.3_vite@5.4.4+vue@3.5.4/node_modules/@vitejs/plugin-vue",
      "requires": {
        "@jridgewell/gen-mapping": "^0.3.5",
        "@jridgewell/trace-mapping": "^0.3.25",
        "debug": "^4.3.6",
        "rollup": "^4.21.1",
        "slash": "^5.1.0",
        "source-map-js": "^1.2.0",
        "vite": "^5.4.2",
        "vue": "^3.5.0-rc.1"
      }
    },
    "typescript": {
      "version": "file:../../node_modules/.pnpm/typescript@5.6.2/node_modules/typescript",
      "requires": {
        "@dprint/formatter": "^0.4.1",
        "@dprint/typescript": "0.91.6",
        "@esfx/canceltoken": "^1.0.0",
        "@eslint/js": "^9.9.0",
        "@octokit/rest": "^21.0.1",
        "@types/chai": "^4.3.17",
        "@types/diff": "^5.2.1",
        "@types/minimist": "^1.2.5",
        "@types/mocha": "^10.0.7",
        "@types/ms": "^0.7.34",
        "@types/node": "latest",
        "@types/source-map-support": "^0.5.10",
        "@types/which": "^3.0.4",
        "@typescript-eslint/rule-tester": "^8.1.0",
        "@typescript-eslint/type-utils": "^8.1.0",
        "@typescript-eslint/utils": "^8.1.0",
        "azure-devops-node-api": "^14.0.2",
        "c8": "^10.1.2",
        "chai": "^4.5.0",
        "chalk": "^4.1.2",
        "chokidar": "^3.6.0",
        "diff": "^5.2.0",
        "dprint": "^0.47.2",
        "esbuild": "^0.23.0",
        "eslint": "^9.9.0",
        "eslint-formatter-autolinkable-stylish": "^1.4.0",
        "eslint-plugin-regexp": "^2.6.0",
        "fast-xml-parser": "^4.4.1",
        "glob": "^10.4.5",
        "globals": "^15.9.0",
        "hereby": "^1.9.0",
        "jsonc-parser": "^3.3.1",
        "knip": "^5.27.2",
        "minimist": "^1.2.8",
        "mocha": "^10.7.3",
        "mocha-fivemat-progress-reporter": "^0.1.0",
        "monocart-coverage-reports": "^2.10.2",
        "ms": "^2.1.3",
        "node-fetch": "^3.3.2",
        "playwright": "^1.46.0",
        "source-map-support": "^0.5.21",
        "tslib": "^2.6.3",
        "typescript": "^5.5.4",
        "typescript-eslint": "^8.1.0",
        "which": "^3.0.1"
      }
    },
    "undici-types": {
      "version": "6.19.8",
      "resolved": "https://registry.npmmirror.com/undici-types/-/undici-types-6.19.8.tgz",
      "integrity": "sha512-ve2KP6f/JnbPBFyobGHuerC9g1FYGn/F8n1LWTwNxCEzd6IfqTwUQcNXgEtmmQ6DlRrC1hrSrBnCZPokRrDHjw==",
      "dev": true
    },
    "vite": {
      "version": "file:../../node_modules/.pnpm/vite@5.4.4/node_modules/vite",
      "requires": {
        "@ampproject/remapping": "^2.3.0",
        "@babel/parser": "^7.25.6",
        "@jridgewell/trace-mapping": "^0.3.25",
        "@polka/compression": "^1.0.0-next.25",
        "@rollup/plugin-alias": "^5.1.0",
        "@rollup/plugin-commonjs": "^26.0.1",
        "@rollup/plugin-dynamic-import-vars": "^2.1.2",
        "@rollup/plugin-json": "^6.1.0",
        "@rollup/plugin-node-resolve": "15.2.3",
        "@rollup/pluginutils": "^5.1.0",
        "@types/escape-html": "^1.0.4",
        "@types/pnpapi": "^0.0.5",
        "artichokie": "^0.2.1",
        "cac": "^6.7.14",
        "chokidar": "^3.6.0",
        "connect": "^3.7.0",
        "convert-source-map": "^2.0.0",
        "cors": "^2.8.5",
        "cross-spawn": "^7.0.3",
        "debug": "^4.3.6",
        "dep-types": "link:./src/types",
        "dotenv": "^16.4.5",
        "dotenv-expand": "^11.0.6",
        "es-module-lexer": "^1.5.4",
        "esbuild": "^0.21.3",
        "escape-html": "^1.0.3",
        "estree-walker": "^3.0.3",
        "etag": "^1.8.1",
        "fast-glob": "^3.3.2",
        "fsevents": "~2.3.3",
        "http-proxy": "^1.18.1",
        "launch-editor-middleware": "^2.8.1",
        "lightningcss": "^1.26.0",
        "magic-string": "^0.30.11",
        "micromatch": "^4.0.8",
        "mlly": "^1.7.1",
        "mrmime": "^2.0.0",
        "open": "^8.4.2",
        "parse5": "^7.1.2",
        "pathe": "^1.1.2",
        "periscopic": "^4.0.2",
        "picocolors": "^1.0.1",
        "picomatch": "^2.3.1",
        "postcss": "^8.4.43",
        "postcss-import": "^16.1.0",
        "postcss-load-config": "^4.0.2",
        "postcss-modules": "^6.0.0",
        "resolve.exports": "^2.0.2",
        "rollup": "^4.20.0",
        "rollup-plugin-dts": "^6.1.1",
        "rollup-plugin-esbuild": "^6.1.1",
        "rollup-plugin-license": "^3.5.2",
        "sass": "^1.77.8",
        "sass-embedded": "^1.77.8",
        "sirv": "^2.0.4",
        "source-map-support": "^0.5.21",
        "strip-ansi": "^7.1.0",
        "strip-literal": "^2.1.0",
        "tsconfck": "^3.1.3",
        "tslib": "^2.7.0",
        "types": "link:./types",
        "ufo": "^1.5.4",
        "ws": "^8.18.0"
      }
    },
    "vue": {
      "version": "file:../../node_modules/.pnpm/vue@3.5.4_typescript@5.6.2/node_modules/vue",
      "requires": {
        "@vue/compiler-dom": "3.5.4",
        "@vue/compiler-sfc": "3.5.4",
        "@vue/runtime-dom": "3.5.4",
        "@vue/server-renderer": "3.5.4",
        "@vue/shared": "3.5.4"
      }
    },
    "vue-tsc": {
      "version": "file:../../node_modules/.pnpm/vue-tsc@2.1.6_typescript@5.6.2/node_modules/vue-tsc",
      "requires": {
        "@types/node": "latest",
        "@volar/typescript": "~2.4.1",
        "@vue/language-core": "2.1.6",
        "semver": "^7.5.4"
      }
    }
  }
}
